// !$*UTF8*$!
{
	archiveVersion = 1;
	classes = {
	};
	objectVersion = 46;
	objects = {

/* Begin PBXBuildFile section */
		A1F5BEB4D8312792FAC9D5F7 /* Pods_RacQuestion.framework in Frameworks */ = {isa = PBXBuildFile; fileRef = 0507424EBA5DDA4B34390621 /* Pods_RacQuestion.framework */; };
		CC67A93B1D39DC73003AADCE /* AppDelegate.swift in Sources */ = {isa = PBXBuildFile; fileRef = CC67A93A1D39DC73003AADCE /* AppDelegate.swift */; };
		CC67A93D1D39DC73003AADCE /* ViewController.swift in Sources */ = {isa = PBXBuildFile; fileRef = CC67A93C1D39DC73003AADCE /* ViewController.swift */; };
		CC67A9401D39DC73003AADCE /* Main.storyboard in Resources */ = {isa = PBXBuildFile; fileRef = CC67A93E1D39DC73003AADCE /* Main.storyboard */; };
		CC67A9421D39DC73003AADCE /* Assets.xcassets in Resources */ = {isa = PBXBuildFile; fileRef = CC67A9411D39DC73003AADCE /* Assets.xcassets */; };
		CC67A9451D39DC73003AADCE /* LaunchScreen.storyboard in Resources */ = {isa = PBXBuildFile; fileRef = CC67A9431D39DC73003AADCE /* LaunchScreen.storyboard */; };
/* End PBXBuildFile section */

/* Begin PBXFileReference section */
		0507424EBA5DDA4B34390621 /* Pods_RacQuestion.framework */ = {isa = PBXFileReference; explicitFileType = wrapper.framework; includeInIndex = 0; path = Pods_RacQuestion.framework; sourceTree = BUILT_PRODUCTS_DIR; };
		59EB74474DFD3F8B2C6F557E /* Pods-RacQuestion.debug.xcconfig */ = {isa = PBXFileReference; includeInIndex = 1; lastKnownFileType = text.xcconfig; name = "Pods-RacQuestion.debug.xcconfig"; path = "Pods/Target Support Files/Pods-RacQuestion/Pods-RacQuestion.debug.xcconfig"; sourceTree = "<group>"; };
		88BF9484329302DF1D6DFE90 /* Pods-RacQuestion.release.xcconfig */ = {isa = PBXFileReference; includeInIndex = 1; lastKnownFileType = text.xcconfig; name = "Pods-RacQuestion.release.xcconfig"; path = "Pods/Target Support Files/Pods-RacQuestion/Pods-RacQuestion.release.xcconfig"; sourceTree = "<group>"; };
		CC67A9371D39DC73003AADCE /* RacQuestion.app */ = {isa = PBXFileReference; explicitFileType = wrapper.application; includeInIndex = 0; path = RacQuestion.app; sourceTree = BUILT_PRODUCTS_DIR; };
		CC67A93A1D39DC73003AADCE /* AppDelegate.swift */ = {isa = PBXFileReference; lastKnownFileType = sourcecode.swift; path = AppDelegate.swift; sourceTree = "<group>"; };
		CC67A93C1D39DC73003AADCE /* ViewController.swift */ = {isa = PBXFileReference; lastKnownFileType = sourcecode.swift; path = ViewController.swift; sourceTree = "<group>"; };
		CC67A93F1D39DC73003AADCE /* Base */ = {isa = PBXFileReference; lastKnownFileType = file.storyboard; name = Base; path = Base.lproj/Main.storyboard; sourceTree = "<group>"; };
		CC67A9411D39DC73003AADCE /* Assets.xcassets */ = {isa = PBXFileReference; lastKnownFileType = folder.assetcatalog; path = Assets.xcassets; sourceTree = "<group>"; };
		CC67A9441D39DC73003AADCE /* Base */ = {isa = PBXFileReference; lastKnownFileType = file.storyboard; name = Base; path = Base.lproj/LaunchScreen.storyboard; sourceTree = "<group>"; };
		CC67A9461D39DC73003AADCE /* Info.plist */ = {isa = PBXFileReference; lastKnownFileType = text.plist.xml; path = Info.plist; sourceTree = "<group>"; };
/* End PBXFileReference section */

/* Begin PBXFrameworksBuildPhase section */
		CC67A9341D39DC73003AADCE /* Frameworks */ = {
			isa = PBXFrameworksBuildPhase;
			buildActionMask = 2147483647;
			files = (
				A1F5BEB4D8312792FAC9D5F7 /* Pods_RacQuestion.framework in Frameworks */,
			);
			runOnlyForDeploymentPostprocessing = 0;
		};
/* End PBXFrameworksBuildPhase section */

/* Begin PBXGroup section */
		654D3B1A8291EE7B4EE1CC96 /* Frameworks */ = {
			isa = PBXGroup;
			children = (
				0507424EBA5DDA4B34390621 /* Pods_RacQuestion.framework */,
			);
			name = Frameworks;
			sourceTree = "<group>";
		};
		72F6E8777CE868B214B5F795 /* Pods */ = {
			isa = PBXGroup;
			children = (
				59EB74474DFD3F8B2C6F557E /* Pods-RacQuestion.debug.xcconfig */,
				88BF9484329302DF1D6DFE90 /* Pods-RacQuestion.release.xcconfig */,
			);
			name = Pods;
			sourceTree = "<group>";
		};
		CC67A92E1D39DC73003AADCE = {
			isa = PBXGroup;
			children = (
				CC67A9391D39DC73003AADCE /* RacQuestion */,
				CC67A9381D39DC73003AADCE /* Products */,
				72F6E8777CE868B214B5F795 /* Pods */,
				654D3B1A8291EE7B4EE1CC96 /* Frameworks */,
			);
			sourceTree = "<group>";
		};
		CC67A9381D39DC73003AADCE /* Products */ = {
			isa = PBXGroup;
			children = (
				CC67A9371D39DC73003AADCE /* RacQuestion.app */,
			);
			name = Products;
			sourceTree = "<group>";
		};
		CC67A9391D39DC73003AADCE /* RacQuestion */ = {
			isa = PBXGroup;
			children = (
				CC67A93A1D39DC73003AADCE /* AppDelegate.swift */,
				CC67A93C1D39DC73003AADCE /* ViewController.swift */,
				CC67A93E1D39DC73003AADCE /* Main.storyboard */,
				CC67A9411D39DC73003AADCE /* Assets.xcassets */,
				CC67A9431D39DC73003AADCE /* LaunchScreen.storyboard */,
				CC67A9461D39DC73003AADCE /* Info.plist */,
			);
			path = RacQuestion;
			sourceTree = "<group>";
		};
/* End PBXGroup section */

/* Begin PBXNativeTarget section */
		CC67A9361D39DC73003AADCE /* RacQuestion */ = {
			isa = PBXNativeTarget;
			buildConfigurationList = CC67A9491D39DC73003AADCE /* Build configuration list for PBXNativeTarget "RacQuestion" */;
			buildPhases = (
				3089000A07A701B545FB435D /* [CP] Check Pods Manifest.lock */,
				CC67A9331D39DC73003AADCE /* Sources */,
				CC67A9341D39DC73003AADCE /* Frameworks */,
				CC67A9351D39DC73003AADCE /* Resources */,
				1FB3395EBD43FCB901AA8E72 /* [CP] Embed Pods Frameworks */,
				3397468357E7CBC97E382585 /* [CP] Copy Pods Resources */,
			);
			buildRules = (
			);
			dependencies = (
			);
			name = RacQuestion;
			productName = RacQuestion;
			productReference = CC67A9371D39DC73003AADCE /* RacQuestion.app */;
			productType = "com.apple.product-type.application";
		};
/* End PBXNativeTarget section */

/* Begin PBXProject section */
		CC67A92F1D39DC73003AADCE /* Project object */ = {
			isa = PBXProject;
			attributes = {
				LastSwiftUpdateCheck = 0730;
				LastUpgradeCheck = 0730;
				ORGANIZATIONNAME = gujitao;
				TargetAttributes = {
					CC67A9361D39DC73003AADCE = {
						CreatedOnToolsVersion = 7.3.1;
					};
				};
			};
			buildConfigurationList = CC67A9321D39DC73003AADCE /* Build configuration list for PBXProject "RacQuestion" */;
			compatibilityVersion = "Xcode 3.2";
			developmentRegion = English;
			hasScannedForEncodings = 0;
			knownRegions = (
				en,
				Base,
			);
			mainGroup = CC67A92E1D39DC73003AADCE;
			productRefGroup = CC67A9381D39DC73003AADCE /* Products */;
			projectDirPath = "";
			projectRoot = "";
			targets = (
				CC67A9361D39DC73003AADCE /* RacQuestion */,
			);
		};
/* End PBXProject section */

/* Begin PBXResourcesBuildPhase section */
		CC67A9351D39DC73003AADCE /* Resources */ = {
			isa = PBXResourcesBuildPhase;
			buildActionMask = 2147483647;
			files = (
				CC67A9451D39DC73003AADCE /* LaunchScreen.storyboard in Resources */,
				CC67A9421D39DC73003AADCE /* Assets.xcassets in Resources */,
				CC67A9401D39DC73003AADCE /* Main.storyboard in Resources */,
			);
			runOnlyForDeploymentPostprocessing = 0;
		};
/* End PBXResourcesBuildPhase section */

/* Begin PBXShellScriptBuildPhase section */
		1FB3395EBD43FCB901AA8E72 /* [CP] Embed Pods Frameworks */ = {
			isa = PBXShellScriptBuildPhase;
			buildActionMask = 2147483647;
			files = (
			);
			inputPaths = (
			);
			name = "[CP] Embed Pods Frameworks";
			outputPaths = (
			);
			runOnlyForDeploymentPostprocessing = 0;
			shellPath = /bin/sh;
			shellScript = "\"${SRCROOT}/Pods/Target Support Files/Pods-RacQuestion/Pods-RacQuestion-frameworks.sh\"\n";
			showEnvVarsInLog = 0;
		};
		3089000A07A701B545FB435D /* [CP] Check Pods Manifest.lock */ = {
			isa = PBXShellScriptBuildPhase;
			buildActionMask = 2147483647;
			files = (
			);
			inputPaths = (
			);
			name = "[CP] Check Pods Manifest.lock";
			outputPaths = (
			);
			runOnlyForDeploymentPostprocessing = 0;
			shellPath = /bin/sh;
			shellScript = "diff \"${PODS_ROOT}/../Podfile.lock\" \"${PODS_ROOT}/Manifest.lock\" > /dev/null\nif [[ $? != 0 ]] ; then\n    cat << EOM\nerror: The sandbox is not in sync with the Podfile.lock. Run 'pod install' or update your CocoaPods installation.\nEOM\n    exit 1\nfi\n";
			showEnvVarsInLog = 0;
		};
		3397468357E7CBC97E382585 /* [CP] Copy Pods Resources */ = {
			isa = PBXShellScriptBuildPhase;
			buildActionMask = 2147483647;
			files = (
			);
			inputPaths = (
			);
			name = "[CP] Copy Pods Resources";
			outputPaths = (
			);
			runOnlyForDeploymentPostprocessing = 0;
			shellPath = /bin/sh;
			shellScript = "\"${SRCROOT}/Pods/Target Support Files/Pods-RacQuestion/Pods-RacQuestion-resources.sh\"\n";
			showEnvVarsInLog = 0;
		};
/* End PBXShellScriptBuildPhase section */

/* Begin PBXSourcesBuildPhase section */
		CC67A9331D39DC73003AADCE /* Sources */ = {
			isa = PBXSourcesBuildPhase;
			buildActionMask = 2147483647;
			files = (
				CC67A93D1D39DC73003AADCE /* ViewController.swift in Sources */,
				CC67A93B1D39DC73003AADCE /* AppDelegate.swift in Sources */,
			);
			runOnlyForDeploymentPostprocessing = 0;
		};
/* End PBXSourcesBuildPhase section */

/* Begin PBXVariantGroup section */
		CC67A93E1D39DC73003AADCE /* Main.storyboard */ = {
			isa = PBXVariantGroup;
			children = (
				CC67A93F1D39DC73003AADCE /* Base */,
			);
			name = Main.storyboard;
			sourceTree = "<group>";
		};
		CC67A9431D39DC73003AADCE /* LaunchScreen.storyboard */ = {
			isa = PBXVariantGroup;
			children = (
				CC67A9441D39DC73003AADCE /* Base */,
			);
			name = LaunchScreen.storyboard;
			sourceTree = "<group>";
		};
/* End PBXVariantGroup section */

/* Begin XCBuildConfiguration section */
		CC67A9471D39DC73003AADCE /* Debug */ = {
			isa = XCBuildConfiguration;
			buildSettings = {
				ALWAYS_SEARCH_USER_PATHS = NO;
				CLANG_ANALYZER_NONNULL = YES;
				CLANG_CXX_LANGUAGE_STANDARD = "gnu++0x";
				CLANG_CXX_LIBRARY = "libc++";
				CLANG_ENABLE_MODULES = YES;
				CLANG_ENABLE_OBJC_ARC = YES;
				CLANG_WARN_BOOL_CONVERSION = YES;
				CLANG_WARN_CONSTANT_CONVERSION = YES;
				CLANG_WARN_DIRECT_OBJC_ISA_USAGE = YES_ERROR;
				CLANG_WARN_EMPTY_BODY = YES;
				CLANG_WARN_ENUM_CONVERSION = YES;
				CLANG_WARN_INT_CONVERSION = YES;
				CLANG_WARN_OBJC_ROOT_CLASS = YES_ERROR;
				CLANG_WARN_UNREACHABLE_CODE = YES;
				CLANG_WARN__DUPLICATE_METHOD_MATCH = YES;
				"CODE_SIGN_IDENTITY[sdk=iphoneos*]" = "iPhone Developer";
				COPY_PHASE_STRIP = NO;
				DEBUG_INFORMATION_FORMAT = dwarf;
				ENABLE_STRICT_OBJC_MSGSEND = YES;
				ENABLE_TESTABILITY = YES;
				GCC_C_LANGUAGE_STANDARD = gnu99;
				GCC_DYNAMIC_NO_PIC = NO;
				GCC_NO_COMMON_BLOCKS = YES;
				GCC_OPTIMIZATION_LEVEL = 0;
				GCC_PREPROCESSOR_DEFINITIONS = (
					"DEBUG=1",
					"$(inherited)",
				);
				GCC_WARN_64_TO_32_BIT_CONVERSION = YES;
				GCC_WARN_ABOUT_RETURN_TYPE = YES_ERROR;
				GCC_WARN_UNDECLARED_SELECTOR = YES;
				GCC_WARN_UNINITIALIZED_AUTOS = YES_AGGRESSIVE;
				GCC_WARN_UNUSED_FUNCTION = YES;
				GCC_WARN_UNUSED_VARIABLE = YES;
				IPHONEOS_DEPLOYMENT_TARGET = 9.3;
				MTL_ENABLE_DEBUG_INFO = YES;
				ONLY_ACTIVE_ARCH = YES;
				SDKROOT = iphoneos;
				SWIFT_OPTIMIZATION_LEVEL = "-Onone";
			};
			name = Debug;
		};
		CC67A9481D39DC73003AADCE /* Release */ = {
			isa = XCBuildConfiguration;
			buildSettings = {
				ALWAYS_SEARCH_USER_PATHS = NO;
				CLANG_ANALYZER_NONNULL = YES;
				CLANG_CXX_LANGUAGE_STANDARD = "gnu++0x";
				CLANG_CXX_LIBRARY = "libc++";
				CLANG_ENABLE_MODULES = YES;
				CLANG_ENABLE_OBJC_ARC = YES;
				CLANG_WARN_BOOL_CONVERSION = YES;
				CLANG_WARN_CONSTANT_CONVERSION = YES;
				CLANG_WARN_DIRECT_OBJC_ISA_USAGE = YES_ERROR;
				CLANG_WARN_EMPTY_BODY = YES;
				CLANG_WARN_ENUM_CONVERSION = YES;
				CLANG_WARN_INT_CONVERSION = YES;
				CLANG_WARN_OBJC_ROOT_CLASS = YES_ERROR;
				CLANG_WARN_UNREACHABLE_CODE = YES;
				CLANG_WARN__DUPLICATE_METHOD_MATCH = YES;
				"CODE_SIGN_IDENTITY[sdk=iphoneos*]" = "iPhone Developer";
				COPY_PHASE_STRIP = NO;
				DEBUG_INFORMATION_FORMAT = "dwarf-with-dsym";
				ENABLE_NS_ASSERTIONS = NO;
				ENABLE_STRICT_OBJC_MSGSEND = YES;
				GCC_C_LANGUAGE_STANDARD = gnu99;
				GCC_NO_COMMON_BLOCKS = YES;
				GCC_WARN_64_TO_32_BIT_CONVERSION = YES;
				GCC_WARN_ABOUT_RETURN_TYPE = YES_ERROR;
				GCC_WARN_UNDECLARED_SELECTOR = YES;
				GCC_WARN_UNINITIALIZED_AUTOS = YES_AGGRESSIVE;
				GCC_WARN_UNUSED_FUNCTION = YES;
				GCC_WARN_UNUSED_VARIABLE = YES;
				IPHONEOS_DEPLOYMENT_TARGET = 9.3;
				MTL_ENABLE_DEBUG_INFO = NO;
				SDKROOT = iphoneos;
				VALIDATE_PRODUCT = YES;
			};
			name = Release;
		};
		CC67A94A1D39DC73003AADCE /* Debug */ = {
			isa = XCBuildConfiguration;
			baseConfigurationReference = 59EB74474DFD3F8B2C6F557E /* Pods-RacQuestion.debug.xcconfig */;
			buildSettings = {
				ASSETCATALOG_COMPILER_APPICON_NAME = AppIcon;
				INFOPLIST_FILE = RacQuestion/Info.plist;
				LD_RUNPATH_SEARCH_PATHS = "$(inherited) @executable_path/Frameworks";
				PRODUCT_BUNDLE_IDENTIFIER = gujitao.RacQuestion;
				PRODUCT_NAME = "$(TARGET_NAME)";
			};
			name = Debug;
		};
		CC67A94B1D39DC73003AADCE /* Release */ = {
			isa = XCBuildConfiguration;
			baseConfigurationReference = 88BF9484329302DF1D6DFE90 /* Pods-RacQuestion.release.xcconfig */;
			buildSettings = {
				ASSETCATALOG_COMPILER_APPICON_NAME = AppIcon;
				INFOPLIST_FILE = RacQuestion/Info.plist;
				LD_RUNPATH_SEARCH_PATHS = "$(inherited) @executable_path/Frameworks";
				PRODUCT_BUNDLE_IDENTIFIER = gujitao.RacQuestion;
				PRODUCT_NAME = "$(TARGET_NAME)";
			};
			name = Release;
		};
/* End XCBuildConfiguration section */

/* Begin XCConfigurationList section */
		CC67A9321D39DC73003AADCE /* Build configuration list for PBXProject "RacQuestion" */ = {
			isa = XCConfigurationList;
			buildConfigurations = (
				CC67A9471D39DC73003AADCE /* Debug */,
				CC67A9481D39DC73003AADCE /* Release */,
			);
			defaultConfigurationIsVisible = 0;
			defaultConfigurationName = Release;
		};
		CC67A9491D39DC73003AADCE /* Build configuration list for PBXNativeTarget "RacQuestion" */ = {
			isa = XCConfigurationList;
			buildConfigurations = (
				CC67A94A1D39DC73003AADCE /* Debug */,
				CC67A94B1D39DC73003AADCE /* Release */,
			);
			defaultConfigurationIsVisible = 0;
			defaultConfigurationName = Release;
		};
/* End XCConfigurationList section */
	};
	rootObject = CC67A92F1D39DC73003AADCE /* Project object */;
}
